
Microsoft Visual Studio Solution File, Format Version 12.00
# Visual Studio 15
VisualStudioVersion = 15.0.28010.2016
MinimumVisualStudioVersion = 10.0.40219.1
Project("{FAE04EC0-301F-11D3-BF4B-00C04F79EFBC}") = "Interface", "Interface\Interface.csproj", "{36005130-B217-4A90-BEA2-8C5D12BED413}"
	ProjectSection(ProjectDependencies) = postProject
		{7512D23F-C8AF-45CE-9DC4-9843B50FB08A} = {7512D23F-C8AF-45CE-9DC4-9843B50FB08A}
	EndProjectSection
EndProject
Project("{FAE04EC0-301F-11D3-BF4B-00C04F79EFBC}") = "VMLib", "VMLib\VMLib.csproj", "{7512D23F-C8AF-45CE-9DC4-9843B50FB08A}"
EndProject
Project("{FAE04EC0-301F-11D3-BF4B-00C04F79EFBC}") = "ConsoleUI", "ConsoleUI\ConsoleUI.csproj", "{26AF5CA8-700A-44D9-A7CA-F9CC066FBD29}"
EndProject
Project("{FAE04EC0-301F-11D3-BF4B-00C04F79EFBC}") = "MicrocodeCompiler", "MicrocodeCompiler\MicrocodeCompiler.csproj", "{BC1D659F-5197-4C60-8A42-76AEC23CAF47}"
EndProject
Global
	GlobalSection(SolutionConfigurationPlatforms) = preSolution
		Debug|Any CPU = Debug|Any CPU
		Release|Any CPU = Release|Any CPU
	EndGlobalSection
	GlobalSection(ProjectConfigurationPlatforms) = postSolution
		{36005130-B217-4A90-BEA2-8C5D12BED413}.Debug|Any CPU.ActiveCfg = Debug|Any CPU
		{36005130-B217-4A90-BEA2-8C5D12BED413}.Debug|Any CPU.Build.0 = Debug|Any CPU
		{36005130-B217-4A90-BEA2-8C5D12BED413}.Release|Any CPU.ActiveCfg = Release|Any CPU
		{36005130-B217-4A90-BEA2-8C5D12BED413}.Release|Any CPU.Build.0 = Release|Any CPU
		{7512D23F-C8AF-45CE-9DC4-9843B50FB08A}.Debug|Any CPU.ActiveCfg = Debug|Any CPU
		{7512D23F-C8AF-45CE-9DC4-9843B50FB08A}.Debug|Any CPU.Build.0 = Debug|Any CPU
		{7512D23F-C8AF-45CE-9DC4-9843B50FB08A}.Release|Any CPU.ActiveCfg = Release|Any CPU
		{7512D23F-C8AF-45CE-9DC4-9843B50FB08A}.Release|Any CPU.Build.0 = Release|Any CPU
		{26AF5CA8-700A-44D9-A7CA-F9CC066FBD29}.Debug|Any CPU.ActiveCfg = Debug|Any CPU
		{26AF5CA8-700A-44D9-A7CA-F9CC066FBD29}.Debug|Any CPU.Build.0 = Debug|Any CPU
		{26AF5CA8-700A-44D9-A7CA-F9CC066FBD29}.Release|Any CPU.ActiveCfg = Release|Any CPU
		{26AF5CA8-700A-44D9-A7CA-F9CC066FBD29}.Release|Any CPU.Build.0 = Release|Any CPU
		{BC1D659F-5197-4C60-8A42-76AEC23CAF47}.Debug|Any CPU.ActiveCfg = Debug|Any CPU
		{BC1D659F-5197-4C60-8A42-76AEC23CAF47}.Debug|Any CPU.Build.0 = Debug|Any CPU
		{BC1D659F-5197-4C60-8A42-76AEC23CAF47}.Release|Any CPU.ActiveCfg = Release|Any CPU
		{BC1D659F-5197-4C60-8A42-76AEC23CAF47}.Release|Any CPU.Build.0 = Release|Any CPU
	EndGlobalSection
	GlobalSection(SolutionProperties) = preSolution
		HideSolutionNode = FALSE
	EndGlobalSection
	GlobalSection(ExtensibilityGlobals) = postSolution
		SolutionGuid = {4B092BC1-1C42-44E5-A519-ABEE3395829C}
	EndGlobalSection
EndGlobal
